// !$*UTF8*$!
{
	archiveVersion = 1;
	classes = {
	};
	objectVersion = 48;
	objects = {

/* Begin PBXBuildFile section */
		19DC96F22058B827003AD3B2 /* AppDelegate.m in Sources */ = {isa = PBXBuildFile; fileRef = 19DC96F12058B827003AD3B2 /* AppDelegate.m */; };
		19DC96F52058B827003AD3B2 /* ViewController.m in Sources */ = {isa = PBXBuildFile; fileRef = 19DC96F42058B827003AD3B2 /* ViewController.m */; };
		19DC96F82058B827003AD3B2 /* Main.storyboard in Resources */ = {isa = PBXBuildFile; fileRef = 19DC96F62058B827003AD3B2 /* Main.storyboard */; };
		19DC96FA2058B827003AD3B2 /* Assets.xcassets in Resources */ = {isa = PBXBuildFile; fileRef = 19DC96F92058B827003AD3B2 /* Assets.xcassets */; };
		19DC96FD2058B827003AD3B2 /* LaunchScreen.storyboard in Resources */ = {isa = PBXBuildFile; fileRef = 19DC96FB2058B827003AD3B2 /* LaunchScreen.storyboard */; };
		19DC97002058B827003AD3B2 /* main.m in Sources */ = {isa = PBXBuildFile; fileRef = 19DC96FF2058B827003AD3B2 /* main.m */; };
		19DC970A2058B9BB003AD3B2 /* FCPageController.m in Sources */ = {isa = PBXBuildFile; fileRef = 19DC97092058B9BB003AD3B2 /* FCPageController.m */; };
		19DC970E2058B9EA003AD3B2 /* FCMenuView.m in Sources */ = {isa = PBXBuildFile; fileRef = 19DC970D2058B9EA003AD3B2 /* FCMenuView.m */; };
		19DC97112058B9F2003AD3B2 /* FCMenuItem.m in Sources */ = {isa = PBXBuildFile; fileRef = 19DC97102058B9F2003AD3B2 /* FCMenuItem.m */; };
		19DC97132058BA0E003AD3B2 /* FCPageConst.m in Sources */ = {isa = PBXBuildFile; fileRef = 19DC97122058BA0E003AD3B2 /* FCPageConst.m */; };
		19DC971A2058C559003AD3B2 /* FCOneViewController.m in Sources */ = {isa = PBXBuildFile; fileRef = 19DC97192058C559003AD3B2 /* FCOneViewController.m */; };
		19DC971D2058C565003AD3B2 /* FCTwoViewController.m in Sources */ = {isa = PBXBuildFile; fileRef = 19DC971C2058C565003AD3B2 /* FCTwoViewController.m */; };
		19DC97202058C56C003AD3B2 /* FCThreeViewController.m in Sources */ = {isa = PBXBuildFile; fileRef = 19DC971F2058C56C003AD3B2 /* FCThreeViewController.m */; };
		19DC97232058C76C003AD3B2 /* FCViewController.m in Sources */ = {isa = PBXBuildFile; fileRef = 19DC97222058C76C003AD3B2 /* FCViewController.m */; };
/* End PBXBuildFile section */

/* Begin PBXFileReference section */
		19DC96ED2058B827003AD3B2 /* FCPageController.app */ = {isa = PBXFileReference; explicitFileType = wrapper.application; includeInIndex = 0; path = FCPageController.app; sourceTree = BUILT_PRODUCTS_DIR; };
		19DC96F02058B827003AD3B2 /* AppDelegate.h */ = {isa = PBXFileReference; lastKnownFileType = sourcecode.c.h; path = AppDelegate.h; sourceTree = "<group>"; };
		19DC96F12058B827003AD3B2 /* AppDelegate.m */ = {isa = PBXFileReference; lastKnownFileType = sourcecode.c.objc; path = AppDelegate.m; sourceTree = "<group>"; };
		19DC96F32058B827003AD3B2 /* ViewController.h */ = {isa = PBXFileReference; lastKnownFileType = sourcecode.c.h; path = ViewController.h; sourceTree = "<group>"; };
		19DC96F42058B827003AD3B2 /* ViewController.m */ = {isa = PBXFileReference; lastKnownFileType = sourcecode.c.objc; path = ViewController.m; sourceTree = "<group>"; };
		19DC96F72058B827003AD3B2 /* Base */ = {isa = PBXFileReference; lastKnownFileType = file.storyboard; name = Base; path = Base.lproj/Main.storyboard; sourceTree = "<group>"; };
		19DC96F92058B827003AD3B2 /* Assets.xcassets */ = {isa = PBXFileReference; lastKnownFileType = folder.assetcatalog; path = Assets.xcassets; sourceTree = "<group>"; };
		19DC96FC2058B827003AD3B2 /* Base */ = {isa = PBXFileReference; lastKnownFileType = file.storyboard; name = Base; path = Base.lproj/LaunchScreen.storyboard; sourceTree = "<group>"; };
		19DC96FE2058B827003AD3B2 /* Info.plist */ = {isa = PBXFileReference; lastKnownFileType = text.plist.xml; path = Info.plist; sourceTree = "<group>"; };
		19DC96FF2058B827003AD3B2 /* main.m */ = {isa = PBXFileReference; lastKnownFileType = sourcecode.c.objc; path = main.m; sourceTree = "<group>"; };
		19DC97082058B9BB003AD3B2 /* FCPageController.h */ = {isa = PBXFileReference; lastKnownFileType = sourcecode.c.h; path = FCPageController.h; sourceTree = "<group>"; };
		19DC97092058B9BB003AD3B2 /* FCPageController.m */ = {isa = PBXFileReference; lastKnownFileType = sourcecode.c.objc; path = FCPageController.m; sourceTree = "<group>"; };
		19DC970C2058B9EA003AD3B2 /* FCMenuView.h */ = {isa = PBXFileReference; lastKnownFileType = sourcecode.c.h; path = FCMenuView.h; sourceTree = "<group>"; };
		19DC970D2058B9EA003AD3B2 /* FCMenuView.m */ = {isa = PBXFileReference; lastKnownFileType = sourcecode.c.objc; path = FCMenuView.m; sourceTree = "<group>"; };
		19DC970F2058B9F2003AD3B2 /* FCMenuItem.h */ = {isa = PBXFileReference; lastKnownFileType = sourcecode.c.h; path = FCMenuItem.h; sourceTree = "<group>"; };
		19DC97102058B9F2003AD3B2 /* FCMenuItem.m */ = {isa = PBXFileReference; lastKnownFileType = sourcecode.c.objc; path = FCMenuItem.m; sourceTree = "<group>"; };
		19DC97122058BA0E003AD3B2 /* FCPageConst.m */ = {isa = PBXFileReference; lastKnownFileType = sourcecode.c.objc; path = FCPageConst.m; sourceTree = "<group>"; };
		19DC97182058C559003AD3B2 /* FCOneViewController.h */ = {isa = PBXFileReference; lastKnownFileType = sourcecode.c.h; path = FCOneViewController.h; sourceTree = "<group>"; };
		19DC97192058C559003AD3B2 /* FCOneViewController.m */ = {isa = PBXFileReference; lastKnownFileType = sourcecode.c.objc; path = FCOneViewController.m; sourceTree = "<group>"; };
		19DC971B2058C565003AD3B2 /* FCTwoViewController.h */ = {isa = PBXFileReference; lastKnownFileType = sourcecode.c.h; path = FCTwoViewController.h; sourceTree = "<group>"; };
		19DC971C2058C565003AD3B2 /* FCTwoViewController.m */ = {isa = PBXFileReference; lastKnownFileType = sourcecode.c.objc; path = FCTwoViewController.m; sourceTree = "<group>"; };
		19DC971E2058C56C003AD3B2 /* FCThreeViewController.h */ = {isa = PBXFileReference; lastKnownFileType = sourcecode.c.h; path = FCThreeViewController.h; sourceTree = "<group>"; };
		19DC971F2058C56C003AD3B2 /* FCThreeViewController.m */ = {isa = PBXFileReference; lastKnownFileType = sourcecode.c.objc; path = FCThreeViewController.m; sourceTree = "<group>"; };
		19DC97212058C76C003AD3B2 /* FCViewController.h */ = {isa = PBXFileReference; lastKnownFileType = sourcecode.c.h; path = FCViewController.h; sourceTree = "<group>"; };
		19DC97222058C76C003AD3B2 /* FCViewController.m */ = {isa = PBXFileReference; lastKnownFileType = sourcecode.c.objc; path = FCViewController.m; sourceTree = "<group>"; };
/* End PBXFileReference section */

/* Begin PBXFrameworksBuildPhase section */
		19DC96EA2058B827003AD3B2 /* Frameworks */ = {
			isa = PBXFrameworksBuildPhase;
			buildActionMask = 2147483647;
			files = (
			);
			runOnlyForDeploymentPostprocessing = 0;
		};
/* End PBXFrameworksBuildPhase section */

/* Begin PBXGroup section */
		19DC96E42058B827003AD3B2 = {
			isa = PBXGroup;
			children = (
				19DC96EF2058B827003AD3B2 /* FCPageController */,
				19DC96EE2058B827003AD3B2 /* Products */,
			);
			sourceTree = "<group>";
		};
		19DC96EE2058B827003AD3B2 /* Products */ = {
			isa = PBXGroup;
			children = (
				19DC96ED2058B827003AD3B2 /* FCPageController.app */,
			);
			name = Products;
			sourceTree = "<group>";
		};
		19DC96EF2058B827003AD3B2 /* FCPageController */ = {
			isa = PBXGroup;
			children = (
				19DC97062058B99D003AD3B2 /* Core */,
				19DC97142058C4C9003AD3B2 /* Controllers */,
				19DC96F02058B827003AD3B2 /* AppDelegate.h */,
				19DC96F12058B827003AD3B2 /* AppDelegate.m */,
				19DC96F32058B827003AD3B2 /* ViewController.h */,
				19DC96F42058B827003AD3B2 /* ViewController.m */,
				19DC96F62058B827003AD3B2 /* Main.storyboard */,
				19DC96F92058B827003AD3B2 /* Assets.xcassets */,
				19DC96FB2058B827003AD3B2 /* LaunchScreen.storyboard */,
				19DC96FE2058B827003AD3B2 /* Info.plist */,
				19DC96FF2058B827003AD3B2 /* main.m */,
			);
			path = FCPageController;
			sourceTree = "<group>";
		};
		19DC97062058B99D003AD3B2 /* Core */ = {
			isa = PBXGroup;
			children = (
				19DC97072058B99D003AD3B2 /* FCPageController */,
			);
			path = Core;
			sourceTree = "<group>";
		};
		19DC97072058B99D003AD3B2 /* FCPageController */ = {
			isa = PBXGroup;
			children = (
				19DC970B2058B9DA003AD3B2 /* FCMenuView */,
				19DC97082058B9BB003AD3B2 /* FCPageController.h */,
				19DC97092058B9BB003AD3B2 /* FCPageController.m */,
				19DC97122058BA0E003AD3B2 /* FCPageConst.m */,
			);
			path = FCPageController;
			sourceTree = "<group>";
		};
		19DC970B2058B9DA003AD3B2 /* FCMenuView */ = {
			isa = PBXGroup;
			children = (
				19DC970C2058B9EA003AD3B2 /* FCMenuView.h */,
				19DC970D2058B9EA003AD3B2 /* FCMenuView.m */,
				19DC970F2058B9F2003AD3B2 /* FCMenuItem.h */,
				19DC97102058B9F2003AD3B2 /* FCMenuItem.m */,
			);
			path = FCMenuView;
			sourceTree = "<group>";
		};
		19DC97142058C4C9003AD3B2 /* Controllers */ = {
			isa = PBXGroup;
			children = (
				19DC97182058C559003AD3B2 /* FCOneViewController.h */,
				19DC97192058C559003AD3B2 /* FCOneViewController.m */,
				19DC971B2058C565003AD3B2 /* FCTwoViewController.h */,
				19DC971C2058C565003AD3B2 /* FCTwoViewController.m */,
				19DC971E2058C56C003AD3B2 /* FCThreeViewController.h */,
				19DC971F2058C56C003AD3B2 /* FCThreeViewController.m */,
				19DC97212058C76C003AD3B2 /* FCViewController.h */,
				19DC97222058C76C003AD3B2 /* FCViewController.m */,
			);
			path = Controllers;
			sourceTree = "<group>";
		};
/* End PBXGroup section */

/* Begin PBXNativeTarget section */
		19DC96EC2058B827003AD3B2 /* FCPageController */ = {
			isa = PBXNativeTarget;
			buildConfigurationList = 19DC97032058B827003AD3B2 /* Build configuration list for PBXNativeTarget "FCPageController" */;
			buildPhases = (
				19DC96E92058B827003AD3B2 /* Sources */,
				19DC96EA2058B827003AD3B2 /* Frameworks */,
				19DC96EB2058B827003AD3B2 /* Resources */,
			);
			buildRules = (
			);
			dependencies = (
			);
			name = FCPageController;
			productName = FCPageController;
			productReference = 19DC96ED2058B827003AD3B2 /* FCPageController.app */;
			productType = "com.apple.product-type.application";
		};
/* End PBXNativeTarget section */

/* Begin PBXProject section */
		19DC96E52058B827003AD3B2 /* Project object */ = {
			isa = PBXProject;
			attributes = {
				CLASSPREFIX = FC;
				LastUpgradeCheck = 0920;
				ORGANIZATIONNAME = fuchenxi;
				TargetAttributes = {
					19DC96EC2058B827003AD3B2 = {
						CreatedOnToolsVersion = 9.2;
						ProvisioningStyle = Automatic;
					};
				};
			};
			buildConfigurationList = 19DC96E82058B827003AD3B2 /* Build configuration list for PBXProject "FCPageController" */;
			compatibilityVersion = "Xcode 8.0";
			developmentRegion = en;
			hasScannedForEncodings = 0;
			knownRegions = (
				en,
				Base,
			);
			mainGroup = 19DC96E42058B827003AD3B2;
			productRefGroup = 19DC96EE2058B827003AD3B2 /* Products */;
			projectDirPath = "";
			projectRoot = "";
			targets = (
				19DC96EC2058B827003AD3B2 /* FCPageController */,
			);
		};
/* End PBXProject section */

/* Begin PBXResourcesBuildPhase section */
		19DC96EB2058B827003AD3B2 /* Resources */ = {
			isa = PBXResourcesBuildPhase;
			buildActionMask = 2147483647;
			files = (
				19DC96FD2058B827003AD3B2 /* LaunchScreen.storyboard in Resources */,
				19DC96FA2058B827003AD3B2 /* Assets.xcassets in Resources */,
				19DC96F82058B827003AD3B2 /* Main.storyboard in Resources */,
			);
			runOnlyForDeploymentPostprocessing = 0;
		};
/* End PBXResourcesBuildPhase section */

/* Begin PBXSourcesBuildPhase section */
		19DC96E92058B827003AD3B2 /* Sources */ = {
			isa = PBXSourcesBuildPhase;
			buildActionMask = 2147483647;
			files = (
				19DC96F52058B827003AD3B2 /* ViewController.m in Sources */,
				19DC970E2058B9EA003AD3B2 /* FCMenuView.m in Sources */,
				19DC97232058C76C003AD3B2 /* FCViewController.m in Sources */,
				19DC97132058BA0E003AD3B2 /* FCPageConst.m in Sources */,
				19DC97112058B9F2003AD3B2 /* FCMenuItem.m in Sources */,
				19DC97002058B827003AD3B2 /* main.m in Sources */,
				19DC971A2058C559003AD3B2 /* FCOneViewController.m in Sources */,
				19DC97202058C56C003AD3B2 /* FCThreeViewController.m in Sources */,
				19DC971D2058C565003AD3B2 /* FCTwoViewController.m in Sources */,
				19DC96F22058B827003AD3B2 /* AppDelegate.m in Sources */,
				19DC970A2058B9BB003AD3B2 /* FCPageController.m in Sources */,
			);
			runOnlyForDeploymentPostprocessing = 0;
		};
/* End PBXSourcesBuildPhase section */

/* Begin PBXVariantGroup section */
		19DC96F62058B827003AD3B2 /* Main.storyboard */ = {
			isa = PBXVariantGroup;
			children = (
				19DC96F72058B827003AD3B2 /* Base */,
			);
			name = Main.storyboard;
			sourceTree = "<group>";
		};
		19DC96FB2058B827003AD3B2 /* LaunchScreen.storyboard */ = {
			isa = PBXVariantGroup;
			children = (
				19DC96FC2058B827003AD3B2 /* Base */,
			);
			name = LaunchScreen.storyboard;
			sourceTree = "<group>";
		};
/* End PBXVariantGroup section */

/* Begin XCBuildConfiguration section */
		19DC97012058B827003AD3B2 /* Debug */ = {
			isa = XCBuildConfiguration;
			buildSettings = {
				ALWAYS_SEARCH_USER_PATHS = NO;
				CLANG_ANALYZER_NONNULL = YES;
				CLANG_ANALYZER_NUMBER_OBJECT_CONVERSION = YES_AGGRESSIVE;
				CLANG_CXX_LANGUAGE_STANDARD = "gnu++14";
				CLANG_CXX_LIBRARY = "libc++";
				CLANG_ENABLE_MODULES = YES;
				CLANG_ENABLE_OBJC_ARC = YES;
				CLANG_WARN_BLOCK_CAPTURE_AUTORELEASING = YES;
				CLANG_WARN_BOOL_CONVERSION = YES;
				CLANG_WARN_COMMA = YES;
				CLANG_WARN_CONSTANT_CONVERSION = YES;
				CLANG_WARN_DIRECT_OBJC_ISA_USAGE = YES_ERROR;
				CLANG_WARN_DOCUMENTATION_COMMENTS = YES;
				CLANG_WARN_EMPTY_BODY = YES;
				CLANG_WARN_ENUM_CONVERSION = YES;
				CLANG_WARN_INFINITE_RECURSION = YES;
				CLANG_WARN_INT_CONVERSION = YES;
				CLANG_WARN_NON_LITERAL_NULL_CONVERSION = YES;
				CLANG_WARN_OBJC_LITERAL_CONVERSION = YES;
				CLANG_WARN_OBJC_ROOT_CLASS = YES_ERROR;
				CLANG_WARN_RANGE_LOOP_ANALYSIS = YES;
				CLANG_WARN_STRICT_PROTOTYPES = YES;
				CLANG_WARN_SUSPICIOUS_MOVE = YES;
				CLANG_WARN_UNGUARDED_AVAILABILITY = YES_AGGRESSIVE;
				CLANG_WARN_UNREACHABLE_CODE = YES;
				CLANG_WARN__DUPLICATE_METHOD_MATCH = YES;
				CODE_SIGN_IDENTITY = "iPhone Developer";
				COPY_PHASE_STRIP = NO;
				DEBUG_INFORMATION_FORMAT = dwarf;
				ENABLE_STRICT_OBJC_MSGSEND = YES;
				ENABLE_TESTABILITY = YES;
				GCC_C_LANGUAGE_STANDARD = gnu11;
				GCC_DYNAMIC_NO_PIC = NO;
				GCC_NO_COMMON_BLOCKS = YES;
				GCC_OPTIMIZATION_LEVEL = 0;
				GCC_PREPROCESSOR_DEFINITIONS = (
					"DEBUG=1",
					"$(inherited)",
				);
				GCC_WARN_64_TO_32_BIT_CONVERSION = YES;
				GCC_WARN_ABOUT_RETURN_TYPE = YES_ERROR;
				GCC_WARN_UNDECLARED_SELECTOR = YES;
				GCC_WARN_UNINITIALIZED_AUTOS = YES_AGGRESSIVE;
				GCC_WARN_UNUSED_FUNCTION = YES;
				GCC_WARN_UNUSED_VARIABLE = YES;
				IPHONEOS_DEPLOYMENT_TARGET = 11.2;
				MTL_ENABLE_DEBUG_INFO = YES;
				ONLY_ACTIVE_ARCH = YES;
				SDKROOT = iphoneos;
			};
			name = Debug;
		};
		19DC97022058B827003AD3B2 /* Release */ = {
			isa = XCBuildConfiguration;
			buildSettings = {
				ALWAYS_SEARCH_USER_PATHS = NO;
				CLANG_ANALYZER_NONNULL = YES;
				CLANG_ANALYZER_NUMBER_OBJECT_CONVERSION = YES_AGGRESSIVE;
				CLANG_CXX_LANGUAGE_STANDARD = "gnu++14";
				CLANG_CXX_LIBRARY = "libc++";
				CLANG_ENABLE_MODULES = YES;
				CLANG_ENABLE_OBJC_ARC = YES;
				CLANG_WARN_BLOCK_CAPTURE_AUTORELEASING = YES;
				CLANG_WARN_BOOL_CONVERSION = YES;
				CLANG_WARN_COMMA = YES;
				CLANG_WARN_CONSTANT_CONVERSION = YES;
				CLANG_WARN_DIRECT_OBJC_ISA_USAGE = YES_ERROR;
				CLANG_WARN_DOCUMENTATION_COMMENTS = YES;
				CLANG_WARN_EMPTY_BODY = YES;
				CLANG_WARN_ENUM_CONVERSION = YES;
				CLANG_WARN_INFINITE_RECURSION = YES;
				CLANG_WARN_INT_CONVERSION = YES;
				CLANG_WARN_NON_LITERAL_NULL_CONVERSION = YES;
				CLANG_WARN_OBJC_LITERAL_CONVERSION = YES;
				CLANG_WARN_OBJC_ROOT_CLASS = YES_ERROR;
				CLANG_WARN_RANGE_LOOP_ANALYSIS = YES;
				CLANG_WARN_STRICT_PROTOTYPES = YES;
				CLANG_WARN_SUSPICIOUS_MOVE = YES;
				CLANG_WARN_UNGUARDED_AVAILABILITY = YES_AGGRESSIVE;
				CLANG_WARN_UNREACHABLE_CODE = YES;
				CLANG_WARN__DUPLICATE_METHOD_MATCH = YES;
				CODE_SIGN_IDENTITY = "iPhone Developer";
				COPY_PHASE_STRIP = NO;
				DEBUG_INFORMATION_FORMAT = "dwarf-with-dsym";
				ENABLE_NS_ASSERTIONS = NO;
				ENABLE_STRICT_OBJC_MSGSEND = YES;
				GCC_C_LANGUAGE_STANDARD = gnu11;
				GCC_NO_COMMON_BLOCKS = YES;
				GCC_WARN_64_TO_32_BIT_CONVERSION = YES;
				GCC_WARN_ABOUT_RETURN_TYPE = YES_ERROR;
				GCC_WARN_UNDECLARED_SELECTOR = YES;
				GCC_WARN_UNINITIALIZED_AUTOS = YES_AGGRESSIVE;
				GCC_WARN_UNUSED_FUNCTION = YES;
				GCC_WARN_UNUSED_VARIABLE = YES;
				IPHONEOS_DEPLOYMENT_TARGET = 11.2;
				MTL_ENABLE_DEBUG_INFO = NO;
				SDKROOT = iphoneos;
				VALIDATE_PRODUCT = YES;
			};
			name = Release;
		};
		19DC97042058B827003AD3B2 /* Debug */ = {
			isa = XCBuildConfiguration;
			buildSettings = {
				ASSETCATALOG_COMPILER_APPICON_NAME = AppIcon;
				CODE_SIGN_STYLE = Automatic;
				DEVELOPMENT_TEAM = 3AFVQ8GKPH;
				INFOPLIST_FILE = FCPageController/Info.plist;
				IPHONEOS_DEPLOYMENT_TARGET = 7.1;
				LD_RUNPATH_SEARCH_PATHS = "$(inherited) @executable_path/Frameworks";
				PRODUCT_BUNDLE_IDENTIFIER = fuchenxi.com.github.FCPageController;
				PRODUCT_NAME = "$(TARGET_NAME)";
				TARGETED_DEVICE_FAMILY = "1,2";
			};
			name = Debug;
		};
		19DC97052058B827003AD3B2 /* Release */ = {
			isa = XCBuildConfiguration;
			buildSettings = {
				ASSETCATALOG_COMPILER_APPICON_NAME = AppIcon;
				CODE_SIGN_STYLE = Automatic;
				DEVELOPMENT_TEAM = 3AFVQ8GKPH;
				INFOPLIST_FILE = FCPageController/Info.plist;
				IPHONEOS_DEPLOYMENT_TARGET = 7.1;
				LD_RUNPATH_SEARCH_PATHS = "$(inherited) @executable_path/Frameworks";
				PRODUCT_BUNDLE_IDENTIFIER = fuchenxi.com.github.FCPageController;
				PRODUCT_NAME = "$(TARGET_NAME)";
				TARGETED_DEVICE_FAMILY = "1,2";
			};
			name = Release;
		};
/* End XCBuildConfiguration section */

/* Begin XCConfigurationList section */
		19DC96E82058B827003AD3B2 /* Build configuration list for PBXProject "FCPageController" */ = {
			isa = XCConfigurationList;
			buildConfigurations = (
				19DC97012058B827003AD3B2 /* Debug */,
				19DC97022058B827003AD3B2 /* Release */,
			);
			defaultConfigurationIsVisible = 0;
			defaultConfigurationName = Release;
		};
		19DC97032058B827003AD3B2 /* Build configuration list for PBXNativeTarget "FCPageController" */ = {
			isa = XCConfigurationList;
			buildConfigurations = (
				19DC97042058B827003AD3B2 /* Debug */,
				19DC97052058B827003AD3B2 /* Release */,
			);
			defaultConfigurationIsVisible = 0;
			defaultConfigurationName = Release;
		};
/* End XCConfigurationList section */
	};
	rootObject = 19DC96E52058B827003AD3B2 /* Project object */;
}
